
Microsoft Visual Studio Solution File, Format Version 12.00
# Visual Studio Version 17
VisualStudioVersion = 17.6.33829.357
MinimumVisualStudioVersion = 10.0.40219.1
Project("{9A19103F-16F7-4668-BE54-9A1E7A4F7556}") = "exercise", "exercise.csproj", "{83EB1A69-813F-4348-9664-6ADADC6ACB64}"
EndProject
Global
	GlobalSection(SolutionConfigurationPlatforms) = preSolution
		Debug|Any CPU = Debug|Any CPU
		Release|Any CPU = Release|Any CPU
	EndGlobalSection
	GlobalSection(ProjectConfigurationPlatforms) = postSolution
		{83EB1A69-813F-4348-9664-6ADADC6ACB64}.Debug|Any CPU.ActiveCfg = Debug|Any CPU
		{83EB1A69-813F-4348-9664-6ADADC6ACB64}.Debug|Any CPU.Build.0 = Debug|Any CPU
		{83EB1A69-813F-4348-9664-6ADADC6ACB64}.Release|Any CPU.ActiveCfg = Release|Any CPU
		{83EB1A69-813F-4348-9664-6ADADC6ACB64}.Release|Any CPU.Build.0 = Release|Any CPU
	EndGlobalSection
	GlobalSection(SolutionProperties) = preSolution
		HideSolutionNode = FALSE
	EndGlobalSection
	GlobalSection(ExtensibilityGlobals) = postSolution
		SolutionGuid = {7EA7E28E-1F6A-4587-8C6D-778EA3652463}
	EndGlobalSection
EndGlobal
